
Microsoft Visual Studio Solution File, Format Version 12.00
# Visual Studio Version 16
VisualStudioVersion = 16.0.30711.63
MinimumVisualStudioVersion = 10.0.40219.1
Project("{9A19103F-16F7-4668-BE54-9A1E7A4F7556}") = "BankApp.Server", "BankApp\Server\BankApp.Server.csproj", "{D82E3034-C43D-40F0-A131-17E4F9F12937}"
EndProject
Project("{9A19103F-16F7-4668-BE54-9A1E7A4F7556}") = "BankApp.Client", "BankApp\Client\BankApp.Client.csproj", "{B50C062B-CC9A-4779-A5FB-5C03661EDC30}"
EndProject
Project("{9A19103F-16F7-4668-BE54-9A1E7A4F7556}") = "BankApp.Shared", "BankApp\Shared\BankApp.Shared.csproj", "{BF23150D-B14E-4144-AAC7-19C2A86DDDDF}"
EndProject
Global
	GlobalSection(SolutionConfigurationPlatforms) = preSolution
		Debug|Any CPU = Debug|Any CPU
		Release|Any CPU = Release|Any CPU
	EndGlobalSection
	GlobalSection(ProjectConfigurationPlatforms) = postSolution
		{D82E3034-C43D-40F0-A131-17E4F9F12937}.Debug|Any CPU.ActiveCfg = Debug|Any CPU
		{D82E3034-C43D-40F0-A131-17E4F9F12937}.Debug|Any CPU.Build.0 = Debug|Any CPU
		{D82E3034-C43D-40F0-A131-17E4F9F12937}.Release|Any CPU.ActiveCfg = Release|Any CPU
		{D82E3034-C43D-40F0-A131-17E4F9F12937}.Release|Any CPU.Build.0 = Release|Any CPU
		{B50C062B-CC9A-4779-A5FB-5C03661EDC30}.Debug|Any CPU.ActiveCfg = Debug|Any CPU
		{B50C062B-CC9A-4779-A5FB-5C03661EDC30}.Debug|Any CPU.Build.0 = Debug|Any CPU
		{B50C062B-CC9A-4779-A5FB-5C03661EDC30}.Release|Any CPU.ActiveCfg = Release|Any CPU
		{B50C062B-CC9A-4779-A5FB-5C03661EDC30}.Release|Any CPU.Build.0 = Release|Any CPU
		{BF23150D-B14E-4144-AAC7-19C2A86DDDDF}.Debug|Any CPU.ActiveCfg = Debug|Any CPU
		{BF23150D-B14E-4144-AAC7-19C2A86DDDDF}.Debug|Any CPU.Build.0 = Debug|Any CPU
		{BF23150D-B14E-4144-AAC7-19C2A86DDDDF}.Release|Any CPU.ActiveCfg = Release|Any CPU
		{BF23150D-B14E-4144-AAC7-19C2A86DDDDF}.Release|Any CPU.Build.0 = Release|Any CPU
	EndGlobalSection
	GlobalSection(SolutionProperties) = preSolution
		HideSolutionNode = FALSE
	EndGlobalSection
	GlobalSection(ExtensibilityGlobals) = postSolution
		SolutionGuid = {47189778-9CAC-4DD4-8162-40A21D1317D2}
	EndGlobalSection
EndGlobal
